schema: '2.0'
stages:
  data_load:
    cmd: python src/stages/data_load.py --config=params.yaml
    deps:
    - path: src/stages/data_load.py
      hash: md5
      md5: 8f217f8685c9401156331ea8872dffef
      size: 1405
    params:
      params.yaml:
        base:
          random_state: 42
          log_level: INFO
        data_load:
          save_path: data/imdb/
    outs:
    - path: data/imdb/test.pkl
      hash: md5
      md5: d892f3247488dc47538f50db00a5e53f
      size: 32704516
    - path: data/imdb/train.pkl
      hash: md5
      md5: f4d40e9fbebff4f00a4cc385be27972d
      size: 33486912
